// !$*UTF8*$!
{
	archiveVersion = 1;
	classes = {
	};
	objectVersion = 77;
	objects = {

/* Begin PBXBuildFile section */
		E4B2A5232E662C3200D109C7 /* ChromaSwift in Frameworks */ = {isa = PBXBuildFile; productRef = E4B2A5222E662C3200D109C7 /* ChromaSwift */; };
/* End PBXBuildFile section */

/* Begin PBXContainerItemProxy section */
		E40460DE2E5A331800A7E34C /* PBXContainerItemProxy */ = {
			isa = PBXContainerItemProxy;
			containerPortal = E40460C72E5A331600A7E34C /* Project object */;
			proxyType = 1;
			remoteGlobalIDString = E40460CE2E5A331600A7E34C;
			remoteInfo = ChromaCloudSync;
		};
		E40460E82E5A331800A7E34C /* PBXContainerItemProxy */ = {
			isa = PBXContainerItemProxy;
			containerPortal = E40460C72E5A331600A7E34C /* Project object */;
			proxyType = 1;
			remoteGlobalIDString = E40460CE2E5A331600A7E34C;
			remoteInfo = ChromaCloudSync;
		};
/* End PBXContainerItemProxy section */

/* Begin PBXFileReference section */
		E40460CF2E5A331600A7E34C /* ChromaCloudSync.app */ = {isa = PBXFileReference; explicitFileType = wrapper.application; includeInIndex = 0; path = ChromaCloudSync.app; sourceTree = BUILT_PRODUCTS_DIR; };
		E40460DD2E5A331800A7E34C /* ChromaCloudSyncTests.xctest */ = {isa = PBXFileReference; explicitFileType = wrapper.cfbundle; includeInIndex = 0; path = ChromaCloudSyncTests.xctest; sourceTree = BUILT_PRODUCTS_DIR; };
		E40460E72E5A331800A7E34C /* ChromaCloudSyncUITests.xctest */ = {isa = PBXFileReference; explicitFileType = wrapper.cfbundle; includeInIndex = 0; path = ChromaCloudSyncUITests.xctest; sourceTree = BUILT_PRODUCTS_DIR; };
/* End PBXFileReference section */

/* Begin PBXFileSystemSynchronizedRootGroup section */
		E40460D12E5A331600A7E34C /* ChromaCloudSync */ = {
			isa = PBXFileSystemSynchronizedRootGroup;
			path = ChromaCloudSync;
			sourceTree = "<group>";
		};
		E40460E02E5A331800A7E34C /* ChromaCloudSyncTests */ = {
			isa = PBXFileSystemSynchronizedRootGroup;
			path = ChromaCloudSyncTests;
			sourceTree = "<group>";
		};
		E40460EA2E5A331800A7E34C /* ChromaCloudSyncUITests */ = {
			isa = PBXFileSystemSynchronizedRootGroup;
			path = ChromaCloudSyncUITests;
			sourceTree = "<group>";
		};
/* End PBXFileSystemSynchronizedRootGroup section */

/* Begin PBXFrameworksBuildPhase section */
		E40460CC2E5A331600A7E34C /* Frameworks */ = {
			isa = PBXFrameworksBuildPhase;
			buildActionMask = 2147483647;
			files = (
				E4B2A5232E662C3200D109C7 /* ChromaSwift in Frameworks */,
			);
			runOnlyForDeploymentPostprocessing = 0;
		};
		E40460DA2E5A331800A7E34C /* Frameworks */ = {
			isa = PBXFrameworksBuildPhase;
			buildActionMask = 2147483647;
			files = (
			);
			runOnlyForDeploymentPostprocessing = 0;
		};
		E40460E42E5A331800A7E34C /* Frameworks */ = {
			isa = PBXFrameworksBuildPhase;
			buildActionMask = 2147483647;
			files = (
			);
			runOnlyForDeploymentPostprocessing = 0;
		};
/* End PBXFrameworksBuildPhase section */

/* Begin PBXGroup section */
		E40460C62E5A331600A7E34C = {
			isa = PBXGroup;
			children = (
				E40460D12E5A331600A7E34C /* ChromaCloudSync */,
				E40460E02E5A331800A7E34C /* ChromaCloudSyncTests */,
				E40460EA2E5A331800A7E34C /* ChromaCloudSyncUITests */,
				E40460D02E5A331600A7E34C /* Products */,
			);
			sourceTree = "<group>";
		};
		E40460D02E5A331600A7E34C /* Products */ = {
			isa = PBXGroup;
			children = (
				E40460CF2E5A331600A7E34C /* ChromaCloudSync.app */,
				E40460DD2E5A331800A7E34C /* ChromaCloudSyncTests.xctest */,
				E40460E72E5A331800A7E34C /* ChromaCloudSyncUITests.xctest */,
			);
			name = Products;
			sourceTree = "<group>";
		};
/* End PBXGroup section */

/* Begin PBXNativeTarget section */
		E40460CE2E5A331600A7E34C /* ChromaCloudSync */ = {
			isa = PBXNativeTarget;
			buildConfigurationList = E40460F12E5A331800A7E34C /* Build configuration list for PBXNativeTarget "ChromaCloudSync" */;
			buildPhases = (
				E40460CB2E5A331600A7E34C /* Sources */,
				E40460CC2E5A331600A7E34C /* Frameworks */,
				E40460CD2E5A331600A7E34C /* Resources */,
			);
			buildRules = (
			);
			dependencies = (
			);
			fileSystemSynchronizedGroups = (
				E40460D12E5A331600A7E34C /* ChromaCloudSync */,
			);
			name = ChromaCloudSync;
			packageProductDependencies = (
				E4B2A5222E662C3200D109C7 /* ChromaSwift */,
			);
			productName = ChromaCloudSync;
			productReference = E40460CF2E5A331600A7E34C /* ChromaCloudSync.app */;
			productType = "com.apple.product-type.application";
		};
		E40460DC2E5A331800A7E34C /* ChromaCloudSyncTests */ = {
			isa = PBXNativeTarget;
			buildConfigurationList = E40460F42E5A331800A7E34C /* Build configuration list for PBXNativeTarget "ChromaCloudSyncTests" */;
			buildPhases = (
				E40460D92E5A331800A7E34C /* Sources */,
				E40460DA2E5A331800A7E34C /* Frameworks */,
				E40460DB2E5A331800A7E34C /* Resources */,
			);
			buildRules = (
			);
			dependencies = (
				E40460DF2E5A331800A7E34C /* PBXTargetDependency */,
			);
			fileSystemSynchronizedGroups = (
				E40460E02E5A331800A7E34C /* ChromaCloudSyncTests */,
			);
			name = ChromaCloudSyncTests;
			packageProductDependencies = (
			);
			productName = ChromaCloudSyncTests;
			productReference = E40460DD2E5A331800A7E34C /* ChromaCloudSyncTests.xctest */;
			productType = "com.apple.product-type.bundle.unit-test";
		};
		E40460E62E5A331800A7E34C /* ChromaCloudSyncUITests */ = {
			isa = PBXNativeTarget;
			buildConfigurationList = E40460F72E5A331800A7E34C /* Build configuration list for PBXNativeTarget "ChromaCloudSyncUITests" */;
			buildPhases = (
				E40460E32E5A331800A7E34C /* Sources */,
				E40460E42E5A331800A7E34C /* Frameworks */,
				E40460E52E5A331800A7E34C /* Resources */,
			);
			buildRules = (
			);
			dependencies = (
				E40460E92E5A331800A7E34C /* PBXTargetDependency */,
			);
			fileSystemSynchronizedGroups = (
				E40460EA2E5A331800A7E34C /* ChromaCloudSyncUITests */,
			);
			name = ChromaCloudSyncUITests;
			packageProductDependencies = (
			);
			productName = ChromaCloudSyncUITests;
			productReference = E40460E72E5A331800A7E34C /* ChromaCloudSyncUITests.xctest */;
			productType = "com.apple.product-type.bundle.ui-testing";
		};
/* End PBXNativeTarget section */

/* Begin PBXProject section */
		E40460C72E5A331600A7E34C /* Project object */ = {
			isa = PBXProject;
			attributes = {
				BuildIndependentTargetsInParallel = 1;
				LastSwiftUpdateCheck = 1640;
				LastUpgradeCheck = 1640;
				TargetAttributes = {
					E40460CE2E5A331600A7E34C = {
						CreatedOnToolsVersion = 16.4;
					};
					E40460DC2E5A331800A7E34C = {
						CreatedOnToolsVersion = 16.4;
						TestTargetID = E40460CE2E5A331600A7E34C;
					};
					E40460E62E5A331800A7E34C = {
						CreatedOnToolsVersion = 16.4;
						TestTargetID = E40460CE2E5A331600A7E34C;
					};
				};
			};
			buildConfigurationList = E40460CA2E5A331600A7E34C /* Build configuration list for PBXProject "ChromaCloudSync" */;
			developmentRegion = en;
			hasScannedForEncodings = 0;
			knownRegions = (
				en,
				Base,
			);
			mainGroup = E40460C62E5A331600A7E34C;
			minimizedProjectReferenceProxies = 1;
			packageReferences = (
				E4B2A5212E662C3200D109C7 /* XCRemoteSwiftPackageReference "chroma-swift" */,
			);
			preferredProjectObjectVersion = 77;
			productRefGroup = E40460D02E5A331600A7E34C /* Products */;
			projectDirPath = "";
			projectRoot = "";
			targets = (
				E40460CE2E5A331600A7E34C /* ChromaCloudSync */,
				E40460DC2E5A331800A7E34C /* ChromaCloudSyncTests */,
				E40460E62E5A331800A7E34C /* ChromaCloudSyncUITests */,
			);
		};
/* End PBXProject section */

/* Begin PBXResourcesBuildPhase section */
		E40460CD2E5A331600A7E34C /* Resources */ = {
			isa = PBXResourcesBuildPhase;
			buildActionMask = 2147483647;
			files = (
			);
			runOnlyForDeploymentPostprocessing = 0;
		};
		E40460DB2E5A331800A7E34C /* Resources */ = {
			isa = PBXResourcesBuildPhase;
			buildActionMask = 2147483647;
			files = (
			);
			runOnlyForDeploymentPostprocessing = 0;
		};
		E40460E52E5A331800A7E34C /* Resources */ = {
			isa = PBXResourcesBuildPhase;
			buildActionMask = 2147483647;
			files = (
			);
			runOnlyForDeploymentPostprocessing = 0;
		};
/* End PBXResourcesBuildPhase section */

/* Begin PBXSourcesBuildPhase section */
		E40460CB2E5A331600A7E34C /* Sources */ = {
			isa = PBXSourcesBuildPhase;
			buildActionMask = 2147483647;
			files = (
			);
			runOnlyForDeploymentPostprocessing = 0;
		};
		E40460D92E5A331800A7E34C /* Sources */ = {
			isa = PBXSourcesBuildPhase;
			buildActionMask = 2147483647;
			files = (
			);
			runOnlyForDeploymentPostprocessing = 0;
		};
		E40460E32E5A331800A7E34C /* Sources */ = {
			isa = PBXSourcesBuildPhase;
			buildActionMask = 2147483647;
			files = (
			);
			runOnlyForDeploymentPostprocessing = 0;
		};
/* End PBXSourcesBuildPhase section */

/* Begin PBXTargetDependency section */
		E40460DF2E5A331800A7E34C /* PBXTargetDependency */ = {
			isa = PBXTargetDependency;
			target = E40460CE2E5A331600A7E34C /* ChromaCloudSync */;
			targetProxy = E40460DE2E5A331800A7E34C /* PBXContainerItemProxy */;
		};
		E40460E92E5A331800A7E34C /* PBXTargetDependency */ = {
			isa = PBXTargetDependency;
			target = E40460CE2E5A331600A7E34C /* ChromaCloudSync */;
			targetProxy = E40460E82E5A331800A7E34C /* PBXContainerItemProxy */;
		};
/* End PBXTargetDependency section */

/* Begin XCBuildConfiguration section */
		E40460EF2E5A331800A7E34C /* Debug */ = {
			isa = XCBuildConfiguration;
			buildSettings = {
				ALWAYS_SEARCH_USER_PATHS = NO;
				ASSETCATALOG_COMPILER_GENERATE_SWIFT_ASSET_SYMBOL_EXTENSIONS = YES;
				CLANG_ANALYZER_NONNULL = YES;
				CLANG_ANALYZER_NUMBER_OBJECT_CONVERSION = YES_AGGRESSIVE;
				CLANG_CXX_LANGUAGE_STANDARD = "gnu++20";
				CLANG_ENABLE_MODULES = YES;
				CLANG_ENABLE_OBJC_ARC = YES;
				CLANG_ENABLE_OBJC_WEAK = YES;
				CLANG_WARN_BLOCK_CAPTURE_AUTORELEASING = YES;
				CLANG_WARN_BOOL_CONVERSION = YES;
				CLANG_WARN_COMMA = YES;
				CLANG_WARN_CONSTANT_CONVERSION = YES;
				CLANG_WARN_DEPRECATED_OBJC_IMPLEMENTATIONS = YES;
				CLANG_WARN_DIRECT_OBJC_ISA_USAGE = YES_ERROR;
				CLANG_WARN_DOCUMENTATION_COMMENTS = YES;
				CLANG_WARN_EMPTY_BODY = YES;
				CLANG_WARN_ENUM_CONVERSION = YES;
				CLANG_WARN_INFINITE_RECURSION = YES;
				CLANG_WARN_INT_CONVERSION = YES;
				CLANG_WARN_NON_LITERAL_NULL_CONVERSION = YES;
				CLANG_WARN_OBJC_IMPLICIT_RETAIN_SELF = YES;
				CLANG_WARN_OBJC_LITERAL_CONVERSION = YES;
				CLANG_WARN_OBJC_ROOT_CLASS = YES_ERROR;
				CLANG_WARN_QUOTED_INCLUDE_IN_FRAMEWORK_HEADER = YES;
				CLANG_WARN_RANGE_LOOP_ANALYSIS = YES;
				CLANG_WARN_STRICT_PROTOTYPES = YES;
				CLANG_WARN_SUSPICIOUS_MOVE = YES;
				CLANG_WARN_UNGUARDED_AVAILABILITY = YES_AGGRESSIVE;
				CLANG_WARN_UNREACHABLE_CODE = YES;
				CLANG_WARN__DUPLICATE_METHOD_MATCH = YES;
				COPY_PHASE_STRIP = NO;
				DEBUG_INFORMATION_FORMAT = dwarf;
				DEVELOPMENT_TEAM = 6QDK6789A6;
				ENABLE_STRICT_OBJC_MSGSEND = YES;
				ENABLE_TESTABILITY = YES;
				ENABLE_USER_SCRIPT_SANDBOXING = YES;
				GCC_C_LANGUAGE_STANDARD = gnu17;
				GCC_DYNAMIC_NO_PIC = NO;
				GCC_NO_COMMON_BLOCKS = YES;
				GCC_OPTIMIZATION_LEVEL = 0;
				GCC_PREPROCESSOR_DEFINITIONS = (
					"DEBUG=1",
					"$(inherited)",
				);
				GCC_WARN_64_TO_32_BIT_CONVERSION = YES;
				GCC_WARN_ABOUT_RETURN_TYPE = YES_ERROR;
				GCC_WARN_UNDECLARED_SELECTOR = YES;
				GCC_WARN_UNINITIALIZED_AUTOS = YES_AGGRESSIVE;
				GCC_WARN_UNUSED_FUNCTION = YES;
				GCC_WARN_UNUSED_VARIABLE = YES;
				LOCALIZATION_PREFERS_STRING_CATALOGS = YES;
				MTL_ENABLE_DEBUG_INFO = INCLUDE_SOURCE;
				MTL_FAST_MATH = YES;
				ONLY_ACTIVE_ARCH = YES;
				SWIFT_ACTIVE_COMPILATION_CONDITIONS = "DEBUG $(inherited)";
				SWIFT_OPTIMIZATION_LEVEL = "-Onone";
			};
			name = Debug;
		};
		E40460F02E5A331800A7E34C /* Release */ = {
			isa = XCBuildConfiguration;
			buildSettings = {
				ALWAYS_SEARCH_USER_PATHS = NO;
				ASSETCATALOG_COMPILER_GENERATE_SWIFT_ASSET_SYMBOL_EXTENSIONS = YES;
				CLANG_ANALYZER_NONNULL = YES;
				CLANG_ANALYZER_NUMBER_OBJECT_CONVERSION = YES_AGGRESSIVE;
				CLANG_CXX_LANGUAGE_STANDARD = "gnu++20";
				CLANG_ENABLE_MODULES = YES;
				CLANG_ENABLE_OBJC_ARC = YES;
				CLANG_ENABLE_OBJC_WEAK = YES;
				CLANG_WARN_BLOCK_CAPTURE_AUTORELEASING = YES;
				CLANG_WARN_BOOL_CONVERSION = YES;
				CLANG_WARN_COMMA = YES;
				CLANG_WARN_CONSTANT_CONVERSION = YES;
				CLANG_WARN_DEPRECATED_OBJC_IMPLEMENTATIONS = YES;
				CLANG_WARN_DIRECT_OBJC_ISA_USAGE = YES_ERROR;
				CLANG_WARN_DOCUMENTATION_COMMENTS = YES;
				CLANG_WARN_EMPTY_BODY = YES;
				CLANG_WARN_ENUM_CONVERSION = YES;
				CLANG_WARN_INFINITE_RECURSION = YES;
				CLANG_WARN_INT_CONVERSION = YES;
				CLANG_WARN_NON_LITERAL_NULL_CONVERSION = YES;
				CLANG_WARN_OBJC_IMPLICIT_RETAIN_SELF = YES;
				CLANG_WARN_OBJC_LITERAL_CONVERSION = YES;
				CLANG_WARN_OBJC_ROOT_CLASS = YES_ERROR;
				CLANG_WARN_QUOTED_INCLUDE_IN_FRAMEWORK_HEADER = YES;
				CLANG_WARN_RANGE_LOOP_ANALYSIS = YES;
				CLANG_WARN_STRICT_PROTOTYPES = YES;
				CLANG_WARN_SUSPICIOUS_MOVE = YES;
				CLANG_WARN_UNGUARDED_AVAILABILITY = YES_AGGRESSIVE;
				CLANG_WARN_UNREACHABLE_CODE = YES;
				CLANG_WARN__DUPLICATE_METHOD_MATCH = YES;
				COPY_PHASE_STRIP = NO;
				DEBUG_INFORMATION_FORMAT = "dwarf-with-dsym";
				DEVELOPMENT_TEAM = 6QDK6789A6;
				ENABLE_NS_ASSERTIONS = NO;
				ENABLE_STRICT_OBJC_MSGSEND = YES;
				ENABLE_USER_SCRIPT_SANDBOXING = YES;
				GCC_C_LANGUAGE_STANDARD = gnu17;
				GCC_NO_COMMON_BLOCKS = YES;
				GCC_WARN_64_TO_32_BIT_CONVERSION = YES;
				GCC_WARN_ABOUT_RETURN_TYPE = YES_ERROR;
				GCC_WARN_UNDECLARED_SELECTOR = YES;
				GCC_WARN_UNINITIALIZED_AUTOS = YES_AGGRESSIVE;
				GCC_WARN_UNUSED_FUNCTION = YES;
				GCC_WARN_UNUSED_VARIABLE = YES;
				LOCALIZATION_PREFERS_STRING_CATALOGS = YES;
				MTL_ENABLE_DEBUG_INFO = NO;
				MTL_FAST_MATH = YES;
				SWIFT_COMPILATION_MODE = wholemodule;
			};
			name = Release;
		};
		E40460F22E5A331800A7E34C /* Debug */ = {
			isa = XCBuildConfiguration;
			buildSettings = {
				ASSETCATALOG_COMPILER_APPICON_NAME = AppIcon;
				ASSETCATALOG_COMPILER_GLOBAL_ACCENT_COLOR_NAME = AccentColor;
				CODE_SIGN_ENTITLEMENTS = ChromaCloudSync/ChromaCloudSync.entitlements;
				CODE_SIGN_STYLE = Automatic;
				CURRENT_PROJECT_VERSION = 1;
				DEVELOPMENT_TEAM = 6QDK6789A6;
				ENABLE_HARDENED_RUNTIME = YES;
				ENABLE_PREVIEWS = YES;
				GENERATE_INFOPLIST_FILE = YES;
				"INFOPLIST_KEY_UIApplicationSceneManifest_Generation[sdk=iphoneos*]" = YES;
				"INFOPLIST_KEY_UIApplicationSceneManifest_Generation[sdk=iphonesimulator*]" = YES;
				"INFOPLIST_KEY_UIApplicationSupportsIndirectInputEvents[sdk=iphoneos*]" = YES;
				"INFOPLIST_KEY_UIApplicationSupportsIndirectInputEvents[sdk=iphonesimulator*]" = YES;
				"INFOPLIST_KEY_UILaunchScreen_Generation[sdk=iphoneos*]" = YES;
				"INFOPLIST_KEY_UILaunchScreen_Generation[sdk=iphonesimulator*]" = YES;
				"INFOPLIST_KEY_UIStatusBarStyle[sdk=iphoneos*]" = UIStatusBarStyleDefault;
				"INFOPLIST_KEY_UIStatusBarStyle[sdk=iphonesimulator*]" = UIStatusBarStyleDefault;
				INFOPLIST_KEY_UISupportedInterfaceOrientations_iPad = "UIInterfaceOrientationPortrait UIInterfaceOrientationPortraitUpsideDown UIInterfaceOrientationLandscapeLeft UIInterfaceOrientationLandscapeRight";
				INFOPLIST_KEY_UISupportedInterfaceOrientations_iPhone = "UIInterfaceOrientationPortrait UIInterfaceOrientationLandscapeLeft UIInterfaceOrientationLandscapeRight";
				IPHONEOS_DEPLOYMENT_TARGET = 18.5;
				LD_RUNPATH_SEARCH_PATHS = "@executable_path/Frameworks";
				"LD_RUNPATH_SEARCH_PATHS[sdk=macosx*]" = "@executable_path/../Frameworks";
				MACOSX_DEPLOYMENT_TARGET = 15.5;
				MARKETING_VERSION = 1.0;
				PRODUCT_BUNDLE_IDENTIFIER = nfa.ChromaCloudSync;
				PRODUCT_NAME = "$(TARGET_NAME)";
				REGISTER_APP_GROUPS = YES;
				SDKROOT = auto;
				SUPPORTED_PLATFORMS = "iphoneos iphonesimulator macosx xros xrsimulator";
				SWIFT_EMIT_LOC_STRINGS = YES;
				SWIFT_VERSION = 5.0;
				TARGETED_DEVICE_FAMILY = "1,2,7";
				XROS_DEPLOYMENT_TARGET = 2.5;
			};
			name = Debug;
		};
		E40460F32E5A331800A7E34C /* Release */ = {
			isa = XCBuildConfiguration;
			buildSettings = {
				ASSETCATALOG_COMPILER_APPICON_NAME = AppIcon;
				ASSETCATALOG_COMPILER_GLOBAL_ACCENT_COLOR_NAME = AccentColor;
				CODE_SIGN_ENTITLEMENTS = ChromaCloudSync/ChromaCloudSync.entitlements;
				CODE_SIGN_STYLE = Automatic;
				CURRENT_PROJECT_VERSION = 1;
				DEVELOPMENT_TEAM = 6QDK6789A6;
				ENABLE_HARDENED_RUNTIME = YES;
				ENABLE_PREVIEWS = YES;
				GENERATE_INFOPLIST_FILE = YES;
				"INFOPLIST_KEY_UIApplicationSceneManifest_Generation[sdk=iphoneos*]" = YES;
				"INFOPLIST_KEY_UIApplicationSceneManifest_Generation[sdk=iphonesimulator*]" = YES;
				"INFOPLIST_KEY_UIApplicationSupportsIndirectInputEvents[sdk=iphoneos*]" = YES;
				"INFOPLIST_KEY_UIApplicationSupportsIndirectInputEvents[sdk=iphonesimulator*]" = YES;
				"INFOPLIST_KEY_UILaunchScreen_Generation[sdk=iphoneos*]" = YES;
				"INFOPLIST_KEY_UILaunchScreen_Generation[sdk=iphonesimulator*]" = YES;
				"INFOPLIST_KEY_UIStatusBarStyle[sdk=iphoneos*]" = UIStatusBarStyleDefault;
				"INFOPLIST_KEY_UIStatusBarStyle[sdk=iphonesimulator*]" = UIStatusBarStyleDefault;
				INFOPLIST_KEY_UISupportedInterfaceOrientations_iPad = "UIInterfaceOrientationPortrait UIInterfaceOrientationPortraitUpsideDown UIInterfaceOrientationLandscapeLeft UIInterfaceOrientationLandscapeRight";
				INFOPLIST_KEY_UISupportedInterfaceOrientations_iPhone = "UIInterfaceOrientationPortrait UIInterfaceOrientationLandscapeLeft UIInterfaceOrientationLandscapeRight";
				IPHONEOS_DEPLOYMENT_TARGET = 18.5;
				LD_RUNPATH_SEARCH_PATHS = "@executable_path/Frameworks";
				"LD_RUNPATH_SEARCH_PATHS[sdk=macosx*]" = "@executable_path/../Frameworks";
				MACOSX_DEPLOYMENT_TARGET = 15.5;
				MARKETING_VERSION = 1.0;
				PRODUCT_BUNDLE_IDENTIFIER = nfa.ChromaCloudSync;
				PRODUCT_NAME = "$(TARGET_NAME)";
				REGISTER_APP_GROUPS = YES;
				SDKROOT = auto;
				SUPPORTED_PLATFORMS = "iphoneos iphonesimulator macosx xros xrsimulator";
				SWIFT_EMIT_LOC_STRINGS = YES;
				SWIFT_VERSION = 5.0;
				TARGETED_DEVICE_FAMILY = "1,2,7";
				XROS_DEPLOYMENT_TARGET = 2.5;
			};
			name = Release;
		};
		E40460F52E5A331800A7E34C /* Debug */ = {
			isa = XCBuildConfiguration;
			buildSettings = {
				BUNDLE_LOADER = "$(TEST_HOST)";
				CODE_SIGN_STYLE = Automatic;
				CURRENT_PROJECT_VERSION = 1;
				DEVELOPMENT_TEAM = 6QDK6789A6;
				GENERATE_INFOPLIST_FILE = YES;
				IPHONEOS_DEPLOYMENT_TARGET = 18.5;
				MACOSX_DEPLOYMENT_TARGET = 15.5;
				MARKETING_VERSION = 1.0;
				PRODUCT_BUNDLE_IDENTIFIER = nfa.ChromaCloudSyncTests;
				PRODUCT_NAME = "$(TARGET_NAME)";
				SDKROOT = auto;
				SUPPORTED_PLATFORMS = "iphoneos iphonesimulator macosx xros xrsimulator";
				SWIFT_EMIT_LOC_STRINGS = NO;
				SWIFT_VERSION = 5.0;
				TARGETED_DEVICE_FAMILY = "1,2,7";
				TEST_HOST = "$(BUILT_PRODUCTS_DIR)/ChromaCloudSync.app/$(BUNDLE_EXECUTABLE_FOLDER_PATH)/ChromaCloudSync";
				XROS_DEPLOYMENT_TARGET = 2.5;
			};
			name = Debug;
		};
		E40460F62E5A331800A7E34C /* Release */ = {
			isa = XCBuildConfiguration;
			buildSettings = {
				BUNDLE_LOADER = "$(TEST_HOST)";
				CODE_SIGN_STYLE = Automatic;
				CURRENT_PROJECT_VERSION = 1;
				DEVELOPMENT_TEAM = 6QDK6789A6;
				GENERATE_INFOPLIST_FILE = YES;
				IPHONEOS_DEPLOYMENT_TARGET = 18.5;
				MACOSX_DEPLOYMENT_TARGET = 15.5;
				MARKETING_VERSION = 1.0;
				PRODUCT_BUNDLE_IDENTIFIER = nfa.ChromaCloudSyncTests;
				PRODUCT_NAME = "$(TARGET_NAME)";
				SDKROOT = auto;
				SUPPORTED_PLATFORMS = "iphoneos iphonesimulator macosx xros xrsimulator";
				SWIFT_EMIT_LOC_STRINGS = NO;
				SWIFT_VERSION = 5.0;
				TARGETED_DEVICE_FAMILY = "1,2,7";
				TEST_HOST = "$(BUILT_PRODUCTS_DIR)/ChromaCloudSync.app/$(BUNDLE_EXECUTABLE_FOLDER_PATH)/ChromaCloudSync";
				XROS_DEPLOYMENT_TARGET = 2.5;
			};
			name = Release;
		};
		E40460F82E5A331800A7E34C /* Debug */ = {
			isa = XCBuildConfiguration;
			buildSettings = {
				CODE_SIGN_STYLE = Automatic;
				CURRENT_PROJECT_VERSION = 1;
				DEVELOPMENT_TEAM = 6QDK6789A6;
				GENERATE_INFOPLIST_FILE = YES;
				IPHONEOS_DEPLOYMENT_TARGET = 18.5;
				MACOSX_DEPLOYMENT_TARGET = 15.5;
				MARKETING_VERSION = 1.0;
				PRODUCT_BUNDLE_IDENTIFIER = nfa.ChromaCloudSyncUITests;
				PRODUCT_NAME = "$(TARGET_NAME)";
				SDKROOT = auto;
				SUPPORTED_PLATFORMS = "iphoneos iphonesimulator macosx xros xrsimulator";
				SWIFT_EMIT_LOC_STRINGS = NO;
				SWIFT_VERSION = 5.0;
				TARGETED_DEVICE_FAMILY = "1,2,7";
				TEST_TARGET_NAME = ChromaCloudSync;
				XROS_DEPLOYMENT_TARGET = 2.5;
			};
			name = Debug;
		};
		E40460F92E5A331800A7E34C /* Release */ = {
			isa = XCBuildConfiguration;
			buildSettings = {
				CODE_SIGN_STYLE = Automatic;
				CURRENT_PROJECT_VERSION = 1;
				DEVELOPMENT_TEAM = 6QDK6789A6;
				GENERATE_INFOPLIST_FILE = YES;
				IPHONEOS_DEPLOYMENT_TARGET = 18.5;
				MACOSX_DEPLOYMENT_TARGET = 15.5;
				MARKETING_VERSION = 1.0;
				PRODUCT_BUNDLE_IDENTIFIER = nfa.ChromaCloudSyncUITests;
				PRODUCT_NAME = "$(TARGET_NAME)";
				SDKROOT = auto;
				SUPPORTED_PLATFORMS = "iphoneos iphonesimulator macosx xros xrsimulator";
				SWIFT_EMIT_LOC_STRINGS = NO;
				SWIFT_VERSION = 5.0;
				TARGETED_DEVICE_FAMILY = "1,2,7";
				TEST_TARGET_NAME = ChromaCloudSync;
				XROS_DEPLOYMENT_TARGET = 2.5;
			};
			name = Release;
		};
/* End XCBuildConfiguration section */

/* Begin XCConfigurationList section */
		E40460CA2E5A331600A7E34C /* Build configuration list for PBXProject "ChromaCloudSync" */ = {
			isa = XCConfigurationList;
			buildConfigurations = (
				E40460EF2E5A331800A7E34C /* Debug */,
				E40460F02E5A331800A7E34C /* Release */,
			);
			defaultConfigurationIsVisible = 0;
			defaultConfigurationName = Release;
		};
		E40460F12E5A331800A7E34C /* Build configuration list for PBXNativeTarget "ChromaCloudSync" */ = {
			isa = XCConfigurationList;
			buildConfigurations = (
				E40460F22E5A331800A7E34C /* Debug */,
				E40460F32E5A331800A7E34C /* Release */,
			);
			defaultConfigurationIsVisible = 0;
			defaultConfigurationName = Release;
		};
		E40460F42E5A331800A7E34C /* Build configuration list for PBXNativeTarget "ChromaCloudSyncTests" */ = {
			isa = XCConfigurationList;
			buildConfigurations = (
				E40460F52E5A331800A7E34C /* Debug */,
				E40460F62E5A331800A7E34C /* Release */,
			);
			defaultConfigurationIsVisible = 0;
			defaultConfigurationName = Release;
		};
		E40460F72E5A331800A7E34C /* Build configuration list for PBXNativeTarget "ChromaCloudSyncUITests" */ = {
			isa = XCConfigurationList;
			buildConfigurations = (
				E40460F82E5A331800A7E34C /* Debug */,
				E40460F92E5A331800A7E34C /* Release */,
			);
			defaultConfigurationIsVisible = 0;
			defaultConfigurationName = Release;
		};
/* End XCConfigurationList section */

/* Begin XCRemoteSwiftPackageReference section */
		E4B2A5212E662C3200D109C7 /* XCRemoteSwiftPackageReference "chroma-swift" */ = {
			isa = XCRemoteSwiftPackageReference;
			repositoryURL = "https://github.com/chroma-core/chroma-swift.git";
			requirement = {
				kind = upToNextMajorVersion;
				minimumVersion = 1.0.0;
			};
		};
/* End XCRemoteSwiftPackageReference section */

/* Begin XCSwiftPackageProductDependency section */
		E4B2A5222E662C3200D109C7 /* ChromaSwift */ = {
			isa = XCSwiftPackageProductDependency;
			package = E4B2A5212E662C3200D109C7 /* XCRemoteSwiftPackageReference "chroma-swift" */;
			productName = ChromaSwift;
		};
/* End XCSwiftPackageProductDependency section */
	};
	rootObject = E40460C72E5A331600A7E34C /* Project object */;
}
