// !$*UTF8*$!
{
	archiveVersion = 1;
	classes = {
	};
	objectVersion = 77;
	objects = {

/* Begin PBXBuildFile section */
		E4B2A5352E662C5D00D109C7 /* ChromaSwift in Frameworks */ = {isa = PBXBuildFile; productRef = E4B2A5342E662C5D00D109C7 /* ChromaSwift */; };
/* End PBXBuildFile section */

/* Begin PBXContainerItemProxy section */
		E4CF50842E1451F700BB334D /* PBXContainerItemProxy */ = {
			isa = PBXContainerItemProxy;
			containerPortal = E4CF506D2E1451F600BB334D /* Project object */;
			proxyType = 1;
			remoteGlobalIDString = E4CF50742E1451F600BB334D;
			remoteInfo = LocalEmbeddingsModelDemo;
		};
		E4CF508E2E1451F700BB334D /* PBXContainerItemProxy */ = {
			isa = PBXContainerItemProxy;
			containerPortal = E4CF506D2E1451F600BB334D /* Project object */;
			proxyType = 1;
			remoteGlobalIDString = E4CF50742E1451F600BB334D;
			remoteInfo = LocalEmbeddingsModelDemo;
		};
/* End PBXContainerItemProxy section */

/* Begin PBXFileReference section */
		E4CF50752E1451F600BB334D /* LocalEmbeddingsModelDemo.app */ = {isa = PBXFileReference; explicitFileType = wrapper.application; includeInIndex = 0; path = LocalEmbeddingsModelDemo.app; sourceTree = BUILT_PRODUCTS_DIR; };
		E4CF50832E1451F700BB334D /* LocalEmbeddingsModelDemoTests.xctest */ = {isa = PBXFileReference; explicitFileType = wrapper.cfbundle; includeInIndex = 0; path = LocalEmbeddingsModelDemoTests.xctest; sourceTree = BUILT_PRODUCTS_DIR; };
		E4CF508D2E1451F700BB334D /* LocalEmbeddingsModelDemoUITests.xctest */ = {isa = PBXFileReference; explicitFileType = wrapper.cfbundle; includeInIndex = 0; path = LocalEmbeddingsModelDemoUITests.xctest; sourceTree = BUILT_PRODUCTS_DIR; };
/* End PBXFileReference section */

/* Begin PBXFileSystemSynchronizedRootGroup section */
		E4CF50772E1451F600BB334D /* LocalEmbeddingsModelDemo */ = {
			isa = PBXFileSystemSynchronizedRootGroup;
			path = LocalEmbeddingsModelDemo;
			sourceTree = "<group>";
		};
		E4CF50862E1451F700BB334D /* LocalEmbeddingsModelDemoTests */ = {
			isa = PBXFileSystemSynchronizedRootGroup;
			path = LocalEmbeddingsModelDemoTests;
			sourceTree = "<group>";
		};
		E4CF50902E1451F700BB334D /* LocalEmbeddingsModelDemoUITests */ = {
			isa = PBXFileSystemSynchronizedRootGroup;
			path = LocalEmbeddingsModelDemoUITests;
			sourceTree = "<group>";
		};
/* End PBXFileSystemSynchronizedRootGroup section */

/* Begin PBXFrameworksBuildPhase section */
		E4CF50722E1451F600BB334D /* Frameworks */ = {
			isa = PBXFrameworksBuildPhase;
			buildActionMask = 2147483647;
			files = (
				E4B2A5352E662C5D00D109C7 /* ChromaSwift in Frameworks */,
			);
			runOnlyForDeploymentPostprocessing = 0;
		};
		E4CF50802E1451F700BB334D /* Frameworks */ = {
			isa = PBXFrameworksBuildPhase;
			buildActionMask = 2147483647;
			files = (
			);
			runOnlyForDeploymentPostprocessing = 0;
		};
		E4CF508A2E1451F700BB334D /* Frameworks */ = {
			isa = PBXFrameworksBuildPhase;
			buildActionMask = 2147483647;
			files = (
			);
			runOnlyForDeploymentPostprocessing = 0;
		};
/* End PBXFrameworksBuildPhase section */

/* Begin PBXGroup section */
		E4CF506C2E1451F600BB334D = {
			isa = PBXGroup;
			children = (
				E4CF50772E1451F600BB334D /* LocalEmbeddingsModelDemo */,
				E4CF50862E1451F700BB334D /* LocalEmbeddingsModelDemoTests */,
				E4CF50902E1451F700BB334D /* LocalEmbeddingsModelDemoUITests */,
				E4CF50762E1451F600BB334D /* Products */,
			);
			sourceTree = "<group>";
		};
		E4CF50762E1451F600BB334D /* Products */ = {
			isa = PBXGroup;
			children = (
				E4CF50752E1451F600BB334D /* LocalEmbeddingsModelDemo.app */,
				E4CF50832E1451F700BB334D /* LocalEmbeddingsModelDemoTests.xctest */,
				E4CF508D2E1451F700BB334D /* LocalEmbeddingsModelDemoUITests.xctest */,
			);
			name = Products;
			sourceTree = "<group>";
		};
/* End PBXGroup section */

/* Begin PBXNativeTarget section */
		E4CF50742E1451F600BB334D /* LocalEmbeddingsModelDemo */ = {
			isa = PBXNativeTarget;
			buildConfigurationList = E4CF50972E1451F700BB334D /* Build configuration list for PBXNativeTarget "LocalEmbeddingsModelDemo" */;
			buildPhases = (
				E4CF50712E1451F600BB334D /* Sources */,
				E4CF50722E1451F600BB334D /* Frameworks */,
				E4CF50732E1451F600BB334D /* Resources */,
			);
			buildRules = (
			);
			dependencies = (
			);
			fileSystemSynchronizedGroups = (
				E4CF50772E1451F600BB334D /* LocalEmbeddingsModelDemo */,
			);
			name = LocalEmbeddingsModelDemo;
			packageProductDependencies = (
				E4B2A5342E662C5D00D109C7 /* ChromaSwift */,
			);
			productName = LocalEmbeddingsModelDemo;
			productReference = E4CF50752E1451F600BB334D /* LocalEmbeddingsModelDemo.app */;
			productType = "com.apple.product-type.application";
		};
		E4CF50822E1451F700BB334D /* LocalEmbeddingsModelDemoTests */ = {
			isa = PBXNativeTarget;
			buildConfigurationList = E4CF509A2E1451F700BB334D /* Build configuration list for PBXNativeTarget "LocalEmbeddingsModelDemoTests" */;
			buildPhases = (
				E4CF507F2E1451F700BB334D /* Sources */,
				E4CF50802E1451F700BB334D /* Frameworks */,
				E4CF50812E1451F700BB334D /* Resources */,
			);
			buildRules = (
			);
			dependencies = (
				E4CF50852E1451F700BB334D /* PBXTargetDependency */,
			);
			fileSystemSynchronizedGroups = (
				E4CF50862E1451F700BB334D /* LocalEmbeddingsModelDemoTests */,
			);
			name = LocalEmbeddingsModelDemoTests;
			packageProductDependencies = (
			);
			productName = LocalEmbeddingsModelDemoTests;
			productReference = E4CF50832E1451F700BB334D /* LocalEmbeddingsModelDemoTests.xctest */;
			productType = "com.apple.product-type.bundle.unit-test";
		};
		E4CF508C2E1451F700BB334D /* LocalEmbeddingsModelDemoUITests */ = {
			isa = PBXNativeTarget;
			buildConfigurationList = E4CF509D2E1451F700BB334D /* Build configuration list for PBXNativeTarget "LocalEmbeddingsModelDemoUITests" */;
			buildPhases = (
				E4CF50892E1451F700BB334D /* Sources */,
				E4CF508A2E1451F700BB334D /* Frameworks */,
				E4CF508B2E1451F700BB334D /* Resources */,
			);
			buildRules = (
			);
			dependencies = (
				E4CF508F2E1451F700BB334D /* PBXTargetDependency */,
			);
			fileSystemSynchronizedGroups = (
				E4CF50902E1451F700BB334D /* LocalEmbeddingsModelDemoUITests */,
			);
			name = LocalEmbeddingsModelDemoUITests;
			packageProductDependencies = (
			);
			productName = LocalEmbeddingsModelDemoUITests;
			productReference = E4CF508D2E1451F700BB334D /* LocalEmbeddingsModelDemoUITests.xctest */;
			productType = "com.apple.product-type.bundle.ui-testing";
		};
/* End PBXNativeTarget section */

/* Begin PBXProject section */
		E4CF506D2E1451F600BB334D /* Project object */ = {
			isa = PBXProject;
			attributes = {
				BuildIndependentTargetsInParallel = 1;
				LastSwiftUpdateCheck = 1640;
				LastUpgradeCheck = 1640;
				TargetAttributes = {
					E4CF50742E1451F600BB334D = {
						CreatedOnToolsVersion = 16.4;
					};
					E4CF50822E1451F700BB334D = {
						CreatedOnToolsVersion = 16.4;
						TestTargetID = E4CF50742E1451F600BB334D;
					};
					E4CF508C2E1451F700BB334D = {
						CreatedOnToolsVersion = 16.4;
						TestTargetID = E4CF50742E1451F600BB334D;
					};
				};
			};
			buildConfigurationList = E4CF50702E1451F600BB334D /* Build configuration list for PBXProject "LocalEmbeddingsModelDemo" */;
			developmentRegion = en;
			hasScannedForEncodings = 0;
			knownRegions = (
				en,
				Base,
			);
			mainGroup = E4CF506C2E1451F600BB334D;
			minimizedProjectReferenceProxies = 1;
			packageReferences = (
				E4B2A5332E662C5D00D109C7 /* XCRemoteSwiftPackageReference "chroma-swift" */,
			);
			preferredProjectObjectVersion = 77;
			productRefGroup = E4CF50762E1451F600BB334D /* Products */;
			projectDirPath = "";
			projectRoot = "";
			targets = (
				E4CF50742E1451F600BB334D /* LocalEmbeddingsModelDemo */,
				E4CF50822E1451F700BB334D /* LocalEmbeddingsModelDemoTests */,
				E4CF508C2E1451F700BB334D /* LocalEmbeddingsModelDemoUITests */,
			);
		};
/* End PBXProject section */

/* Begin PBXResourcesBuildPhase section */
		E4CF50732E1451F600BB334D /* Resources */ = {
			isa = PBXResourcesBuildPhase;
			buildActionMask = 2147483647;
			files = (
			);
			runOnlyForDeploymentPostprocessing = 0;
		};
		E4CF50812E1451F700BB334D /* Resources */ = {
			isa = PBXResourcesBuildPhase;
			buildActionMask = 2147483647;
			files = (
			);
			runOnlyForDeploymentPostprocessing = 0;
		};
		E4CF508B2E1451F700BB334D /* Resources */ = {
			isa = PBXResourcesBuildPhase;
			buildActionMask = 2147483647;
			files = (
			);
			runOnlyForDeploymentPostprocessing = 0;
		};
/* End PBXResourcesBuildPhase section */

/* Begin PBXSourcesBuildPhase section */
		E4CF50712E1451F600BB334D /* Sources */ = {
			isa = PBXSourcesBuildPhase;
			buildActionMask = 2147483647;
			files = (
			);
			runOnlyForDeploymentPostprocessing = 0;
		};
		E4CF507F2E1451F700BB334D /* Sources */ = {
			isa = PBXSourcesBuildPhase;
			buildActionMask = 2147483647;
			files = (
			);
			runOnlyForDeploymentPostprocessing = 0;
		};
		E4CF50892E1451F700BB334D /* Sources */ = {
			isa = PBXSourcesBuildPhase;
			buildActionMask = 2147483647;
			files = (
			);
			runOnlyForDeploymentPostprocessing = 0;
		};
/* End PBXSourcesBuildPhase section */

/* Begin PBXTargetDependency section */
		E4CF50852E1451F700BB334D /* PBXTargetDependency */ = {
			isa = PBXTargetDependency;
			target = E4CF50742E1451F600BB334D /* LocalEmbeddingsModelDemo */;
			targetProxy = E4CF50842E1451F700BB334D /* PBXContainerItemProxy */;
		};
		E4CF508F2E1451F700BB334D /* PBXTargetDependency */ = {
			isa = PBXTargetDependency;
			target = E4CF50742E1451F600BB334D /* LocalEmbeddingsModelDemo */;
			targetProxy = E4CF508E2E1451F700BB334D /* PBXContainerItemProxy */;
		};
/* End PBXTargetDependency section */

/* Begin XCBuildConfiguration section */
		E4CF50952E1451F700BB334D /* Debug */ = {
			isa = XCBuildConfiguration;
			buildSettings = {
				ALWAYS_SEARCH_USER_PATHS = NO;
				ASSETCATALOG_COMPILER_GENERATE_SWIFT_ASSET_SYMBOL_EXTENSIONS = YES;
				CLANG_ANALYZER_NONNULL = YES;
				CLANG_ANALYZER_NUMBER_OBJECT_CONVERSION = YES_AGGRESSIVE;
				CLANG_CXX_LANGUAGE_STANDARD = "gnu++20";
				CLANG_ENABLE_MODULES = YES;
				CLANG_ENABLE_OBJC_ARC = YES;
				CLANG_ENABLE_OBJC_WEAK = YES;
				CLANG_WARN_BLOCK_CAPTURE_AUTORELEASING = YES;
				CLANG_WARN_BOOL_CONVERSION = YES;
				CLANG_WARN_COMMA = YES;
				CLANG_WARN_CONSTANT_CONVERSION = YES;
				CLANG_WARN_DEPRECATED_OBJC_IMPLEMENTATIONS = YES;
				CLANG_WARN_DIRECT_OBJC_ISA_USAGE = YES_ERROR;
				CLANG_WARN_DOCUMENTATION_COMMENTS = YES;
				CLANG_WARN_EMPTY_BODY = YES;
				CLANG_WARN_ENUM_CONVERSION = YES;
				CLANG_WARN_INFINITE_RECURSION = YES;
				CLANG_WARN_INT_CONVERSION = YES;
				CLANG_WARN_NON_LITERAL_NULL_CONVERSION = YES;
				CLANG_WARN_OBJC_IMPLICIT_RETAIN_SELF = YES;
				CLANG_WARN_OBJC_LITERAL_CONVERSION = YES;
				CLANG_WARN_OBJC_ROOT_CLASS = YES_ERROR;
				CLANG_WARN_QUOTED_INCLUDE_IN_FRAMEWORK_HEADER = YES;
				CLANG_WARN_RANGE_LOOP_ANALYSIS = YES;
				CLANG_WARN_STRICT_PROTOTYPES = YES;
				CLANG_WARN_SUSPICIOUS_MOVE = YES;
				CLANG_WARN_UNGUARDED_AVAILABILITY = YES_AGGRESSIVE;
				CLANG_WARN_UNREACHABLE_CODE = YES;
				CLANG_WARN__DUPLICATE_METHOD_MATCH = YES;
				COPY_PHASE_STRIP = NO;
				DEBUG_INFORMATION_FORMAT = dwarf;
				DEVELOPMENT_TEAM = 6QDK6789A6;
				ENABLE_STRICT_OBJC_MSGSEND = YES;
				ENABLE_TESTABILITY = YES;
				ENABLE_USER_SCRIPT_SANDBOXING = YES;
				GCC_C_LANGUAGE_STANDARD = gnu17;
				GCC_DYNAMIC_NO_PIC = NO;
				GCC_NO_COMMON_BLOCKS = YES;
				GCC_OPTIMIZATION_LEVEL = 0;
				GCC_PREPROCESSOR_DEFINITIONS = (
					"DEBUG=1",
					"$(inherited)",
				);
				GCC_WARN_64_TO_32_BIT_CONVERSION = YES;
				GCC_WARN_ABOUT_RETURN_TYPE = YES_ERROR;
				GCC_WARN_UNDECLARED_SELECTOR = YES;
				GCC_WARN_UNINITIALIZED_AUTOS = YES_AGGRESSIVE;
				GCC_WARN_UNUSED_FUNCTION = YES;
				GCC_WARN_UNUSED_VARIABLE = YES;
				LOCALIZATION_PREFERS_STRING_CATALOGS = YES;
				MTL_ENABLE_DEBUG_INFO = INCLUDE_SOURCE;
				MTL_FAST_MATH = YES;
				ONLY_ACTIVE_ARCH = YES;
				SWIFT_ACTIVE_COMPILATION_CONDITIONS = "DEBUG $(inherited)";
				SWIFT_OPTIMIZATION_LEVEL = "-Onone";
			};
			name = Debug;
		};
		E4CF50962E1451F700BB334D /* Release */ = {
			isa = XCBuildConfiguration;
			buildSettings = {
				ALWAYS_SEARCH_USER_PATHS = NO;
				ASSETCATALOG_COMPILER_GENERATE_SWIFT_ASSET_SYMBOL_EXTENSIONS = YES;
				CLANG_ANALYZER_NONNULL = YES;
				CLANG_ANALYZER_NUMBER_OBJECT_CONVERSION = YES_AGGRESSIVE;
				CLANG_CXX_LANGUAGE_STANDARD = "gnu++20";
				CLANG_ENABLE_MODULES = YES;
				CLANG_ENABLE_OBJC_ARC = YES;
				CLANG_ENABLE_OBJC_WEAK = YES;
				CLANG_WARN_BLOCK_CAPTURE_AUTORELEASING = YES;
				CLANG_WARN_BOOL_CONVERSION = YES;
				CLANG_WARN_COMMA = YES;
				CLANG_WARN_CONSTANT_CONVERSION = YES;
				CLANG_WARN_DEPRECATED_OBJC_IMPLEMENTATIONS = YES;
				CLANG_WARN_DIRECT_OBJC_ISA_USAGE = YES_ERROR;
				CLANG_WARN_DOCUMENTATION_COMMENTS = YES;
				CLANG_WARN_EMPTY_BODY = YES;
				CLANG_WARN_ENUM_CONVERSION = YES;
				CLANG_WARN_INFINITE_RECURSION = YES;
				CLANG_WARN_INT_CONVERSION = YES;
				CLANG_WARN_NON_LITERAL_NULL_CONVERSION = YES;
				CLANG_WARN_OBJC_IMPLICIT_RETAIN_SELF = YES;
				CLANG_WARN_OBJC_LITERAL_CONVERSION = YES;
				CLANG_WARN_OBJC_ROOT_CLASS = YES_ERROR;
				CLANG_WARN_QUOTED_INCLUDE_IN_FRAMEWORK_HEADER = YES;
				CLANG_WARN_RANGE_LOOP_ANALYSIS = YES;
				CLANG_WARN_STRICT_PROTOTYPES = YES;
				CLANG_WARN_SUSPICIOUS_MOVE = YES;
				CLANG_WARN_UNGUARDED_AVAILABILITY = YES_AGGRESSIVE;
				CLANG_WARN_UNREACHABLE_CODE = YES;
				CLANG_WARN__DUPLICATE_METHOD_MATCH = YES;
				COPY_PHASE_STRIP = NO;
				DEBUG_INFORMATION_FORMAT = "dwarf-with-dsym";
				DEVELOPMENT_TEAM = 6QDK6789A6;
				ENABLE_NS_ASSERTIONS = NO;
				ENABLE_STRICT_OBJC_MSGSEND = YES;
				ENABLE_USER_SCRIPT_SANDBOXING = YES;
				GCC_C_LANGUAGE_STANDARD = gnu17;
				GCC_NO_COMMON_BLOCKS = YES;
				GCC_WARN_64_TO_32_BIT_CONVERSION = YES;
				GCC_WARN_ABOUT_RETURN_TYPE = YES_ERROR;
				GCC_WARN_UNDECLARED_SELECTOR = YES;
				GCC_WARN_UNINITIALIZED_AUTOS = YES_AGGRESSIVE;
				GCC_WARN_UNUSED_FUNCTION = YES;
				GCC_WARN_UNUSED_VARIABLE = YES;
				LOCALIZATION_PREFERS_STRING_CATALOGS = YES;
				MTL_ENABLE_DEBUG_INFO = NO;
				MTL_FAST_MATH = YES;
				SWIFT_COMPILATION_MODE = wholemodule;
			};
			name = Release;
		};
		E4CF50982E1451F700BB334D /* Debug */ = {
			isa = XCBuildConfiguration;
			buildSettings = {
				ASSETCATALOG_COMPILER_APPICON_NAME = AppIcon;
				ASSETCATALOG_COMPILER_GLOBAL_ACCENT_COLOR_NAME = AccentColor;
				CODE_SIGN_ENTITLEMENTS = LocalEmbeddingsModelDemo/LocalEmbeddingsModelDemo.entitlements;
				CODE_SIGN_STYLE = Automatic;
				CURRENT_PROJECT_VERSION = 1;
				DEVELOPMENT_TEAM = 6QDK6789A6;
				ENABLE_HARDENED_RUNTIME = YES;
				ENABLE_PREVIEWS = YES;
				GENERATE_INFOPLIST_FILE = YES;
				"INFOPLIST_KEY_UIApplicationSceneManifest_Generation[sdk=iphoneos*]" = YES;
				"INFOPLIST_KEY_UIApplicationSceneManifest_Generation[sdk=iphonesimulator*]" = YES;
				"INFOPLIST_KEY_UIApplicationSupportsIndirectInputEvents[sdk=iphoneos*]" = YES;
				"INFOPLIST_KEY_UIApplicationSupportsIndirectInputEvents[sdk=iphonesimulator*]" = YES;
				"INFOPLIST_KEY_UILaunchScreen_Generation[sdk=iphoneos*]" = YES;
				"INFOPLIST_KEY_UILaunchScreen_Generation[sdk=iphonesimulator*]" = YES;
				"INFOPLIST_KEY_UIStatusBarStyle[sdk=iphoneos*]" = UIStatusBarStyleDefault;
				"INFOPLIST_KEY_UIStatusBarStyle[sdk=iphonesimulator*]" = UIStatusBarStyleDefault;
				INFOPLIST_KEY_UISupportedInterfaceOrientations_iPad = "UIInterfaceOrientationPortrait UIInterfaceOrientationPortraitUpsideDown UIInterfaceOrientationLandscapeLeft UIInterfaceOrientationLandscapeRight";
				INFOPLIST_KEY_UISupportedInterfaceOrientations_iPhone = "UIInterfaceOrientationPortrait UIInterfaceOrientationLandscapeLeft UIInterfaceOrientationLandscapeRight";
				IPHONEOS_DEPLOYMENT_TARGET = 18.5;
				LD_RUNPATH_SEARCH_PATHS = "@executable_path/Frameworks";
				"LD_RUNPATH_SEARCH_PATHS[sdk=macosx*]" = "@executable_path/../Frameworks";
				MACOSX_DEPLOYMENT_TARGET = 15.5;
				MARKETING_VERSION = 1.0;
				PRODUCT_BUNDLE_IDENTIFIER = com.chroma.LocalEmbeddingsModelDemo;
				PRODUCT_NAME = "$(TARGET_NAME)";
				REGISTER_APP_GROUPS = YES;
				SDKROOT = auto;
				SUPPORTED_PLATFORMS = "iphoneos iphonesimulator macosx xros xrsimulator";
				SWIFT_EMIT_LOC_STRINGS = YES;
				SWIFT_VERSION = 5.0;
				TARGETED_DEVICE_FAMILY = "1,2,7";
				XROS_DEPLOYMENT_TARGET = 2.5;
			};
			name = Debug;
		};
		E4CF50992E1451F700BB334D /* Release */ = {
			isa = XCBuildConfiguration;
			buildSettings = {
				ASSETCATALOG_COMPILER_APPICON_NAME = AppIcon;
				ASSETCATALOG_COMPILER_GLOBAL_ACCENT_COLOR_NAME = AccentColor;
				CODE_SIGN_ENTITLEMENTS = LocalEmbeddingsModelDemo/LocalEmbeddingsModelDemo.entitlements;
				CODE_SIGN_STYLE = Automatic;
				CURRENT_PROJECT_VERSION = 1;
				DEVELOPMENT_TEAM = 6QDK6789A6;
				ENABLE_HARDENED_RUNTIME = YES;
				ENABLE_PREVIEWS = YES;
				GENERATE_INFOPLIST_FILE = YES;
				"INFOPLIST_KEY_UIApplicationSceneManifest_Generation[sdk=iphoneos*]" = YES;
				"INFOPLIST_KEY_UIApplicationSceneManifest_Generation[sdk=iphonesimulator*]" = YES;
				"INFOPLIST_KEY_UIApplicationSupportsIndirectInputEvents[sdk=iphoneos*]" = YES;
				"INFOPLIST_KEY_UIApplicationSupportsIndirectInputEvents[sdk=iphonesimulator*]" = YES;
				"INFOPLIST_KEY_UILaunchScreen_Generation[sdk=iphoneos*]" = YES;
				"INFOPLIST_KEY_UILaunchScreen_Generation[sdk=iphonesimulator*]" = YES;
				"INFOPLIST_KEY_UIStatusBarStyle[sdk=iphoneos*]" = UIStatusBarStyleDefault;
				"INFOPLIST_KEY_UIStatusBarStyle[sdk=iphonesimulator*]" = UIStatusBarStyleDefault;
				INFOPLIST_KEY_UISupportedInterfaceOrientations_iPad = "UIInterfaceOrientationPortrait UIInterfaceOrientationPortraitUpsideDown UIInterfaceOrientationLandscapeLeft UIInterfaceOrientationLandscapeRight";
				INFOPLIST_KEY_UISupportedInterfaceOrientations_iPhone = "UIInterfaceOrientationPortrait UIInterfaceOrientationLandscapeLeft UIInterfaceOrientationLandscapeRight";
				IPHONEOS_DEPLOYMENT_TARGET = 18.5;
				LD_RUNPATH_SEARCH_PATHS = "@executable_path/Frameworks";
				"LD_RUNPATH_SEARCH_PATHS[sdk=macosx*]" = "@executable_path/../Frameworks";
				MACOSX_DEPLOYMENT_TARGET = 15.5;
				MARKETING_VERSION = 1.0;
				PRODUCT_BUNDLE_IDENTIFIER = com.chroma.LocalEmbeddingsModelDemo;
				PRODUCT_NAME = "$(TARGET_NAME)";
				REGISTER_APP_GROUPS = YES;
				SDKROOT = auto;
				SUPPORTED_PLATFORMS = "iphoneos iphonesimulator macosx xros xrsimulator";
				SWIFT_EMIT_LOC_STRINGS = YES;
				SWIFT_VERSION = 5.0;
				TARGETED_DEVICE_FAMILY = "1,2,7";
				XROS_DEPLOYMENT_TARGET = 2.5;
			};
			name = Release;
		};
		E4CF509B2E1451F700BB334D /* Debug */ = {
			isa = XCBuildConfiguration;
			buildSettings = {
				BUNDLE_LOADER = "$(TEST_HOST)";
				CODE_SIGN_STYLE = Automatic;
				CURRENT_PROJECT_VERSION = 1;
				DEVELOPMENT_TEAM = 6QDK6789A6;
				GENERATE_INFOPLIST_FILE = YES;
				IPHONEOS_DEPLOYMENT_TARGET = 18.5;
				MACOSX_DEPLOYMENT_TARGET = 15.5;
				MARKETING_VERSION = 1.0;
				PRODUCT_BUNDLE_IDENTIFIER = com.chroma.LocalEmbeddingsModelDemoTests;
				PRODUCT_NAME = "$(TARGET_NAME)";
				SDKROOT = auto;
				SUPPORTED_PLATFORMS = "iphoneos iphonesimulator macosx xros xrsimulator";
				SWIFT_EMIT_LOC_STRINGS = NO;
				SWIFT_VERSION = 5.0;
				TARGETED_DEVICE_FAMILY = "1,2,7";
				TEST_HOST = "$(BUILT_PRODUCTS_DIR)/LocalEmbeddingsModelDemo.app/$(BUNDLE_EXECUTABLE_FOLDER_PATH)/LocalEmbeddingsModelDemo";
				XROS_DEPLOYMENT_TARGET = 2.5;
			};
			name = Debug;
		};
		E4CF509C2E1451F700BB334D /* Release */ = {
			isa = XCBuildConfiguration;
			buildSettings = {
				BUNDLE_LOADER = "$(TEST_HOST)";
				CODE_SIGN_STYLE = Automatic;
				CURRENT_PROJECT_VERSION = 1;
				DEVELOPMENT_TEAM = 6QDK6789A6;
				GENERATE_INFOPLIST_FILE = YES;
				IPHONEOS_DEPLOYMENT_TARGET = 18.5;
				MACOSX_DEPLOYMENT_TARGET = 15.5;
				MARKETING_VERSION = 1.0;
				PRODUCT_BUNDLE_IDENTIFIER = com.chroma.LocalEmbeddingsModelDemoTests;
				PRODUCT_NAME = "$(TARGET_NAME)";
				SDKROOT = auto;
				SUPPORTED_PLATFORMS = "iphoneos iphonesimulator macosx xros xrsimulator";
				SWIFT_EMIT_LOC_STRINGS = NO;
				SWIFT_VERSION = 5.0;
				TARGETED_DEVICE_FAMILY = "1,2,7";
				TEST_HOST = "$(BUILT_PRODUCTS_DIR)/LocalEmbeddingsModelDemo.app/$(BUNDLE_EXECUTABLE_FOLDER_PATH)/LocalEmbeddingsModelDemo";
				XROS_DEPLOYMENT_TARGET = 2.5;
			};
			name = Release;
		};
		E4CF509E2E1451F700BB334D /* Debug */ = {
			isa = XCBuildConfiguration;
			buildSettings = {
				CODE_SIGN_STYLE = Automatic;
				CURRENT_PROJECT_VERSION = 1;
				DEVELOPMENT_TEAM = 6QDK6789A6;
				GENERATE_INFOPLIST_FILE = YES;
				IPHONEOS_DEPLOYMENT_TARGET = 18.5;
				MACOSX_DEPLOYMENT_TARGET = 15.5;
				MARKETING_VERSION = 1.0;
				PRODUCT_BUNDLE_IDENTIFIER = com.chroma.LocalEmbeddingsModelDemoUITests;
				PRODUCT_NAME = "$(TARGET_NAME)";
				SDKROOT = auto;
				SUPPORTED_PLATFORMS = "iphoneos iphonesimulator macosx xros xrsimulator";
				SWIFT_EMIT_LOC_STRINGS = NO;
				SWIFT_VERSION = 5.0;
				TARGETED_DEVICE_FAMILY = "1,2,7";
				TEST_TARGET_NAME = LocalEmbeddingsModelDemo;
				XROS_DEPLOYMENT_TARGET = 2.5;
			};
			name = Debug;
		};
		E4CF509F2E1451F700BB334D /* Release */ = {
			isa = XCBuildConfiguration;
			buildSettings = {
				CODE_SIGN_STYLE = Automatic;
				CURRENT_PROJECT_VERSION = 1;
				DEVELOPMENT_TEAM = 6QDK6789A6;
				GENERATE_INFOPLIST_FILE = YES;
				IPHONEOS_DEPLOYMENT_TARGET = 18.5;
				MACOSX_DEPLOYMENT_TARGET = 15.5;
				MARKETING_VERSION = 1.0;
				PRODUCT_BUNDLE_IDENTIFIER = com.chroma.LocalEmbeddingsModelDemoUITests;
				PRODUCT_NAME = "$(TARGET_NAME)";
				SDKROOT = auto;
				SUPPORTED_PLATFORMS = "iphoneos iphonesimulator macosx xros xrsimulator";
				SWIFT_EMIT_LOC_STRINGS = NO;
				SWIFT_VERSION = 5.0;
				TARGETED_DEVICE_FAMILY = "1,2,7";
				TEST_TARGET_NAME = LocalEmbeddingsModelDemo;
				XROS_DEPLOYMENT_TARGET = 2.5;
			};
			name = Release;
		};
/* End XCBuildConfiguration section */

/* Begin XCConfigurationList section */
		E4CF50702E1451F600BB334D /* Build configuration list for PBXProject "LocalEmbeddingsModelDemo" */ = {
			isa = XCConfigurationList;
			buildConfigurations = (
				E4CF50952E1451F700BB334D /* Debug */,
				E4CF50962E1451F700BB334D /* Release */,
			);
			defaultConfigurationIsVisible = 0;
			defaultConfigurationName = Release;
		};
		E4CF50972E1451F700BB334D /* Build configuration list for PBXNativeTarget "LocalEmbeddingsModelDemo" */ = {
			isa = XCConfigurationList;
			buildConfigurations = (
				E4CF50982E1451F700BB334D /* Debug */,
				E4CF50992E1451F700BB334D /* Release */,
			);
			defaultConfigurationIsVisible = 0;
			defaultConfigurationName = Release;
		};
		E4CF509A2E1451F700BB334D /* Build configuration list for PBXNativeTarget "LocalEmbeddingsModelDemoTests" */ = {
			isa = XCConfigurationList;
			buildConfigurations = (
				E4CF509B2E1451F700BB334D /* Debug */,
				E4CF509C2E1451F700BB334D /* Release */,
			);
			defaultConfigurationIsVisible = 0;
			defaultConfigurationName = Release;
		};
		E4CF509D2E1451F700BB334D /* Build configuration list for PBXNativeTarget "LocalEmbeddingsModelDemoUITests" */ = {
			isa = XCConfigurationList;
			buildConfigurations = (
				E4CF509E2E1451F700BB334D /* Debug */,
				E4CF509F2E1451F700BB334D /* Release */,
			);
			defaultConfigurationIsVisible = 0;
			defaultConfigurationName = Release;
		};
/* End XCConfigurationList section */

/* Begin XCRemoteSwiftPackageReference section */
		E4B2A5332E662C5D00D109C7 /* XCRemoteSwiftPackageReference "chroma-swift" */ = {
			isa = XCRemoteSwiftPackageReference;
			repositoryURL = "https://github.com/chroma-core/chroma-swift.git";
			requirement = {
				kind = upToNextMajorVersion;
				minimumVersion = 1.0.0;
			};
		};
/* End XCRemoteSwiftPackageReference section */

/* Begin XCSwiftPackageProductDependency section */
		E4B2A5342E662C5D00D109C7 /* ChromaSwift */ = {
			isa = XCSwiftPackageProductDependency;
			package = E4B2A5332E662C5D00D109C7 /* XCRemoteSwiftPackageReference "chroma-swift" */;
			productName = ChromaSwift;
		};
/* End XCSwiftPackageProductDependency section */
	};
	rootObject = E4CF506D2E1451F600BB334D /* Project object */;
}
